// !$*UTF8*$!
{
	archiveVersion = 1;
	classes = {
	};
	objectVersion = 50;
	objects = {

/* Begin PBXBuildFile section */
		020B04252223BFA7001AF120 /* sve.bundle in Resources */ = {isa = PBXBuildFile; fileRef = 020B04242223BFA7001AF120 /* sve.bundle */; };
		0229771F213D0DFE000E27EE /* AppDelegate.m in Sources */ = {isa = PBXBuildFile; fileRef = 0229771E213D0DFE000E27EE /* AppDelegate.m */; };
		02297722213D0DFE000E27EE /* ViewController.m in Sources */ = {isa = PBXBuildFile; fileRef = 02297721213D0DFE000E27EE /* ViewController.m */; };
		02297725213D0DFE000E27EE /* Main.storyboard in Resources */ = {isa = PBXBuildFile; fileRef = 02297723213D0DFE000E27EE /* Main.storyboard */; };
		02297727213D0E01000E27EE /* Assets.xcassets in Resources */ = {isa = PBXBuildFile; fileRef = 02297726213D0E01000E27EE /* Assets.xcassets */; };
		0229772A213D0E01000E27EE /* LaunchScreen.storyboard in Resources */ = {isa = PBXBuildFile; fileRef = 02297728213D0E01000E27EE /* LaunchScreen.storyboard */; };
		0229772D213D0E01000E27EE /* main.m in Sources */ = {isa = PBXBuildFile; fileRef = 0229772C213D0E01000E27EE /* main.m */; };
		0229787D213D101A000E27EE /* SVInterfaceBase.mm in Sources */ = {isa = PBXBuildFile; fileRef = 0229786D213D1018000E27EE /* SVInterfaceBase.mm */; };
		0229787E213D101A000E27EE /* SVI.mm in Sources */ = {isa = PBXBuildFile; fileRef = 02297871213D1019000E27EE /* SVI.mm */; };
		02297880213D101A000E27EE /* SVICamera.mm in Sources */ = {isa = PBXBuildFile; fileRef = 02297875213D1019000E27EE /* SVICamera.mm */; };
		022978A3213D13FD000E27EE /* VideoToolbox.framework in Frameworks */ = {isa = PBXBuildFile; fileRef = 022978A2213D13FD000E27EE /* VideoToolbox.framework */; };
		022978A5213D1648000E27EE /* CoreMedia.framework in Frameworks */ = {isa = PBXBuildFile; fileRef = 022978A4213D1648000E27EE /* CoreMedia.framework */; };
		022978A8213D1742000E27EE /* SDMainVC.m in Sources */ = {isa = PBXBuildFile; fileRef = 022978A7213D1742000E27EE /* SDMainVC.m */; };
		022978AB213D17FA000E27EE /* SDUISys.m in Sources */ = {isa = PBXBuildFile; fileRef = 022978AA213D17FA000E27EE /* SDUISys.m */; };
		022978AE213D198F000E27EE /* SDSVView.m in Sources */ = {isa = PBXBuildFile; fileRef = 022978AD213D198F000E27EE /* SDSVView.m */; };
		0231CABE213D1BEC004A2414 /* SDLogicSys.m in Sources */ = {isa = PBXBuildFile; fileRef = 0231CABD213D1BEC004A2414 /* SDLogicSys.m */; };
		0231CAC1213D1D9A004A2414 /* SDState.m in Sources */ = {isa = PBXBuildFile; fileRef = 0231CAC0213D1D9A004A2414 /* SDState.m */; };
		0231CAC5213D20EF004A2414 /* SDCamera.m in Sources */ = {isa = PBXBuildFile; fileRef = 0231CAC4213D20EF004A2414 /* SDCamera.m */; };
		0231CACC213D2D9A004A2414 /* SDMainUI.m in Sources */ = {isa = PBXBuildFile; fileRef = 0231CACB213D2D9A004A2414 /* SDMainUI.m */; };
		023652B4216082790011A9F1 /* libSVEngine_Static.a in Frameworks */ = {isa = PBXBuildFile; fileRef = 023652AF216082050011A9F1 /* libSVEngine_Static.a */; };
		02D0304D213E4ED000E148FD /* qiuqian.bundle in Resources */ = {isa = PBXBuildFile; fileRef = 02D0304C213E4ED000E148FD /* qiuqian.bundle */; };
		02D031EB213E615200E148FD /* SVIEffect.mm in Sources */ = {isa = PBXBuildFile; fileRef = 02D031EA213E615100E148FD /* SVIEffect.mm */; };
		02D031EE213E624500E148FD /* hero.bundle in Resources */ = {isa = PBXBuildFile; fileRef = 02D031ED213E624500E148FD /* hero.bundle */; };
/* End PBXBuildFile section */

/* Begin PBXContainerItemProxy section */
		023652AC216082050011A9F1 /* PBXContainerItemProxy */ = {
			isa = PBXContainerItemProxy;
			containerPortal = 023652A4216082050011A9F1 /* SVEngine.xcodeproj */;
			proxyType = 2;
			remoteGlobalIDString = 822A3F971E70069800CF3953;
			remoteInfo = SVEngine;
		};
		023652AE216082050011A9F1 /* PBXContainerItemProxy */ = {
			isa = PBXContainerItemProxy;
			containerPortal = 023652A4216082050011A9F1 /* SVEngine.xcodeproj */;
			proxyType = 2;
			remoteGlobalIDString = 82F7CB421FCD68A4009A750D;
			remoteInfo = SVEngine_Static;
		};
		023652B0216082050011A9F1 /* PBXContainerItemProxy */ = {
			isa = PBXContainerItemProxy;
			containerPortal = 023652A4216082050011A9F1 /* SVEngine.xcodeproj */;
			proxyType = 2;
			remoteGlobalIDString = 82B7719220245AEB0097A0DD;
			remoteInfo = SVEngine_Mac;
		};
		023652B2216082050011A9F1 /* PBXContainerItemProxy */ = {
			isa = PBXContainerItemProxy;
			containerPortal = 023652A4216082050011A9F1 /* SVEngine.xcodeproj */;
			proxyType = 2;
			remoteGlobalIDString = 023574B020E514F500F29FB8;
			remoteInfo = sve_s_mac;
		};
/* End PBXContainerItemProxy section */

/* Begin PBXFileReference section */
		020B04242223BFA7001AF120 /* sve.bundle */ = {isa = PBXFileReference; lastKnownFileType = "wrapper.plug-in"; name = sve.bundle; path = ../../../SVERes/sve.bundle; sourceTree = "<group>"; };
		0229771A213D0DFE000E27EE /* SVEDemo.app */ = {isa = PBXFileReference; explicitFileType = wrapper.application; includeInIndex = 0; path = SVEDemo.app; sourceTree = BUILT_PRODUCTS_DIR; };
		0229771D213D0DFE000E27EE /* AppDelegate.h */ = {isa = PBXFileReference; lastKnownFileType = sourcecode.c.h; path = AppDelegate.h; sourceTree = "<group>"; };
		0229771E213D0DFE000E27EE /* AppDelegate.m */ = {isa = PBXFileReference; lastKnownFileType = sourcecode.c.objc; path = AppDelegate.m; sourceTree = "<group>"; };
		02297720213D0DFE000E27EE /* ViewController.h */ = {isa = PBXFileReference; lastKnownFileType = sourcecode.c.h; path = ViewController.h; sourceTree = "<group>"; };
		02297721213D0DFE000E27EE /* ViewController.m */ = {isa = PBXFileReference; lastKnownFileType = sourcecode.c.objc; path = ViewController.m; sourceTree = "<group>"; };
		02297724213D0DFE000E27EE /* Base */ = {isa = PBXFileReference; lastKnownFileType = file.storyboard; name = Base; path = Base.lproj/Main.storyboard; sourceTree = "<group>"; };
		02297726213D0E01000E27EE /* Assets.xcassets */ = {isa = PBXFileReference; lastKnownFileType = folder.assetcatalog; path = Assets.xcassets; sourceTree = "<group>"; };
		02297729213D0E01000E27EE /* Base */ = {isa = PBXFileReference; lastKnownFileType = file.storyboard; name = Base; path = Base.lproj/LaunchScreen.storyboard; sourceTree = "<group>"; };
		0229772B213D0E01000E27EE /* Info.plist */ = {isa = PBXFileReference; lastKnownFileType = text.plist.xml; path = Info.plist; sourceTree = "<group>"; };
		0229772C213D0E01000E27EE /* main.m */ = {isa = PBXFileReference; lastKnownFileType = sourcecode.c.objc; path = main.m; sourceTree = "<group>"; };
		02297869213D1018000E27EE /* SVI.h */ = {isa = PBXFileReference; fileEncoding = 4; lastKnownFileType = sourcecode.c.h; path = SVI.h; sourceTree = "<group>"; };
		0229786D213D1018000E27EE /* SVInterfaceBase.mm */ = {isa = PBXFileReference; fileEncoding = 4; lastKnownFileType = sourcecode.cpp.objcpp; path = SVInterfaceBase.mm; sourceTree = "<group>"; };
		0229786E213D1018000E27EE /* SVIHead.h */ = {isa = PBXFileReference; fileEncoding = 4; lastKnownFileType = sourcecode.c.h; path = SVIHead.h; sourceTree = "<group>"; };
		0229786F213D1018000E27EE /* SVInterfaceBase.h */ = {isa = PBXFileReference; fileEncoding = 4; lastKnownFileType = sourcecode.c.h; path = SVInterfaceBase.h; sourceTree = "<group>"; };
		02297870213D1018000E27EE /* SVICamera.h */ = {isa = PBXFileReference; fileEncoding = 4; lastKnownFileType = sourcecode.c.h; path = SVICamera.h; sourceTree = "<group>"; };
		02297871213D1019000E27EE /* SVI.mm */ = {isa = PBXFileReference; fileEncoding = 4; lastKnownFileType = sourcecode.cpp.objcpp; path = SVI.mm; sourceTree = "<group>"; };
		02297872213D1019000E27EE /* SVIEffect.h */ = {isa = PBXFileReference; fileEncoding = 4; lastKnownFileType = sourcecode.c.h; path = SVIEffect.h; sourceTree = "<group>"; };
		02297875213D1019000E27EE /* SVICamera.mm */ = {isa = PBXFileReference; fileEncoding = 4; lastKnownFileType = sourcecode.cpp.objcpp; path = SVICamera.mm; sourceTree = "<group>"; };
		0229787A213D1019000E27EE /* SVIDef.h */ = {isa = PBXFileReference; fileEncoding = 4; lastKnownFileType = sourcecode.c.h; path = SVIDef.h; sourceTree = "<group>"; };
		022978A2213D13FD000E27EE /* VideoToolbox.framework */ = {isa = PBXFileReference; lastKnownFileType = wrapper.framework; name = VideoToolbox.framework; path = System/Library/Frameworks/VideoToolbox.framework; sourceTree = SDKROOT; };
		022978A4213D1648000E27EE /* CoreMedia.framework */ = {isa = PBXFileReference; lastKnownFileType = wrapper.framework; name = CoreMedia.framework; path = System/Library/Frameworks/CoreMedia.framework; sourceTree = SDKROOT; };
		022978A6213D1742000E27EE /* SDMainVC.h */ = {isa = PBXFileReference; lastKnownFileType = sourcecode.c.h; path = SDMainVC.h; sourceTree = "<group>"; };
		022978A7213D1742000E27EE /* SDMainVC.m */ = {isa = PBXFileReference; lastKnownFileType = sourcecode.c.objc; path = SDMainVC.m; sourceTree = "<group>"; };
		022978A9213D17FA000E27EE /* SDUISys.h */ = {isa = PBXFileReference; lastKnownFileType = sourcecode.c.h; path = SDUISys.h; sourceTree = "<group>"; };
		022978AA213D17FA000E27EE /* SDUISys.m */ = {isa = PBXFileReference; lastKnownFileType = sourcecode.c.objc; path = SDUISys.m; sourceTree = "<group>"; };
		022978AC213D198F000E27EE /* SDSVView.h */ = {isa = PBXFileReference; lastKnownFileType = sourcecode.c.h; path = SDSVView.h; sourceTree = "<group>"; };
		022978AD213D198F000E27EE /* SDSVView.m */ = {isa = PBXFileReference; lastKnownFileType = sourcecode.c.objc; path = SDSVView.m; sourceTree = "<group>"; };
		0231CABC213D1BEC004A2414 /* SDLogicSys.h */ = {isa = PBXFileReference; lastKnownFileType = sourcecode.c.h; path = SDLogicSys.h; sourceTree = "<group>"; };
		0231CABD213D1BEC004A2414 /* SDLogicSys.m */ = {isa = PBXFileReference; lastKnownFileType = sourcecode.c.objc; path = SDLogicSys.m; sourceTree = "<group>"; };
		0231CABF213D1D9A004A2414 /* SDState.h */ = {isa = PBXFileReference; lastKnownFileType = sourcecode.c.h; path = SDState.h; sourceTree = "<group>"; };
		0231CAC0213D1D9A004A2414 /* SDState.m */ = {isa = PBXFileReference; lastKnownFileType = sourcecode.c.objc; path = SDState.m; sourceTree = "<group>"; };
		0231CAC2213D1EFE004A2414 /* SDPreDef.h */ = {isa = PBXFileReference; lastKnownFileType = sourcecode.c.h; path = SDPreDef.h; sourceTree = "<group>"; };
		0231CAC3213D20EF004A2414 /* SDCamera.h */ = {isa = PBXFileReference; lastKnownFileType = sourcecode.c.h; path = SDCamera.h; sourceTree = "<group>"; };
		0231CAC4213D20EF004A2414 /* SDCamera.m */ = {isa = PBXFileReference; lastKnownFileType = sourcecode.c.objc; path = SDCamera.m; sourceTree = "<group>"; };
		0231CACA213D2D9A004A2414 /* SDMainUI.h */ = {isa = PBXFileReference; lastKnownFileType = sourcecode.c.h; path = SDMainUI.h; sourceTree = "<group>"; };
		0231CACB213D2D9A004A2414 /* SDMainUI.m */ = {isa = PBXFileReference; lastKnownFileType = sourcecode.c.objc; path = SDMainUI.m; sourceTree = "<group>"; };
		023652A4216082050011A9F1 /* SVEngine.xcodeproj */ = {isa = PBXFileReference; lastKnownFileType = "wrapper.pb-project"; name = SVEngine.xcodeproj; path = ../../../SVEngine/platIOS/SVEngine.xcodeproj; sourceTree = "<group>"; };
		02D0304C213E4ED000E148FD /* qiuqian.bundle */ = {isa = PBXFileReference; lastKnownFileType = "wrapper.plug-in"; path = qiuqian.bundle; sourceTree = "<group>"; };
		02D031EA213E615100E148FD /* SVIEffect.mm */ = {isa = PBXFileReference; fileEncoding = 4; lastKnownFileType = sourcecode.cpp.objcpp; path = SVIEffect.mm; sourceTree = "<group>"; };
		02D031ED213E624500E148FD /* hero.bundle */ = {isa = PBXFileReference; lastKnownFileType = "wrapper.plug-in"; path = hero.bundle; sourceTree = "<group>"; };
/* End PBXFileReference section */

/* Begin PBXFrameworksBuildPhase section */
		02297717213D0DFE000E27EE /* Frameworks */ = {
			isa = PBXFrameworksBuildPhase;
			buildActionMask = 2147483647;
			files = (
				023652B4216082790011A9F1 /* libSVEngine_Static.a in Frameworks */,
				022978A5213D1648000E27EE /* CoreMedia.framework in Frameworks */,
				022978A3213D13FD000E27EE /* VideoToolbox.framework in Frameworks */,
			);
			runOnlyForDeploymentPostprocessing = 0;
		};
/* End PBXFrameworksBuildPhase section */

/* Begin PBXGroup section */
		02297711213D0DFD000E27EE = {
			isa = PBXGroup;
			children = (
				0229771C213D0DFE000E27EE /* SVEDemo */,
				0229771B213D0DFE000E27EE /* Products */,
				022978A1213D13FC000E27EE /* Frameworks */,
			);
			sourceTree = "<group>";
		};
		0229771B213D0DFE000E27EE /* Products */ = {
			isa = PBXGroup;
			children = (
				0229771A213D0DFE000E27EE /* SVEDemo.app */,
			);
			name = Products;
			sourceTree = "<group>";
		};
		0229771C213D0DFE000E27EE /* SVEDemo */ = {
			isa = PBXGroup;
			children = (
				02297733213D0ECD000E27EE /* svelib */,
				0229771D213D0DFE000E27EE /* AppDelegate.h */,
				0229771E213D0DFE000E27EE /* AppDelegate.m */,
				02297720213D0DFE000E27EE /* ViewController.h */,
				02297721213D0DFE000E27EE /* ViewController.m */,
				022978AC213D198F000E27EE /* SDSVView.h */,
				022978AD213D198F000E27EE /* SDSVView.m */,
				0231CACA213D2D9A004A2414 /* SDMainUI.h */,
				0231CACB213D2D9A004A2414 /* SDMainUI.m */,
				022978A6213D1742000E27EE /* SDMainVC.h */,
				022978A7213D1742000E27EE /* SDMainVC.m */,
				022978A9213D17FA000E27EE /* SDUISys.h */,
				022978AA213D17FA000E27EE /* SDUISys.m */,
				0231CABC213D1BEC004A2414 /* SDLogicSys.h */,
				0231CABD213D1BEC004A2414 /* SDLogicSys.m */,
				0231CAC3213D20EF004A2414 /* SDCamera.h */,
				0231CAC4213D20EF004A2414 /* SDCamera.m */,
				0231CABF213D1D9A004A2414 /* SDState.h */,
				0231CAC0213D1D9A004A2414 /* SDState.m */,
				0231CAC2213D1EFE004A2414 /* SDPreDef.h */,
				02297868213D0FC3000E27EE /* sve */,
				02297723213D0DFE000E27EE /* Main.storyboard */,
				02297726213D0E01000E27EE /* Assets.xcassets */,
				02297728213D0E01000E27EE /* LaunchScreen.storyboard */,
				0229772B213D0E01000E27EE /* Info.plist */,
				0229772C213D0E01000E27EE /* main.m */,
			);
			path = SVEDemo;
			sourceTree = "<group>";
		};
		02297733213D0ECD000E27EE /* svelib */ = {
			isa = PBXGroup;
			children = (
				020B04242223BFA7001AF120 /* sve.bundle */,
				023652A4216082050011A9F1 /* SVEngine.xcodeproj */,
				02D0304C213E4ED000E148FD /* qiuqian.bundle */,
				02D031ED213E624500E148FD /* hero.bundle */,
			);
			path = svelib;
			sourceTree = "<group>";
		};
		02297868213D0FC3000E27EE /* sve */ = {
			isa = PBXGroup;
			children = (
				02297869213D1018000E27EE /* SVI.h */,
				02297871213D1019000E27EE /* SVI.mm */,
				02297870213D1018000E27EE /* SVICamera.h */,
				02297875213D1019000E27EE /* SVICamera.mm */,
				0229787A213D1019000E27EE /* SVIDef.h */,
				02297872213D1019000E27EE /* SVIEffect.h */,
				02D031EA213E615100E148FD /* SVIEffect.mm */,
				0229786E213D1018000E27EE /* SVIHead.h */,
				0229786F213D1018000E27EE /* SVInterfaceBase.h */,
				0229786D213D1018000E27EE /* SVInterfaceBase.mm */,
			);
			path = sve;
			sourceTree = "<group>";
		};
		022978A1213D13FC000E27EE /* Frameworks */ = {
			isa = PBXGroup;
			children = (
				022978A4213D1648000E27EE /* CoreMedia.framework */,
				022978A2213D13FD000E27EE /* VideoToolbox.framework */,
			);
			name = Frameworks;
			sourceTree = "<group>";
		};
		023652A5216082050011A9F1 /* Products */ = {
			isa = PBXGroup;
			children = (
				023652AD216082050011A9F1 /* SVEngine.framework */,
				023652AF216082050011A9F1 /* libSVEngine_Static.a */,
				023652B1216082050011A9F1 /* SVEngine_Mac.framework */,
				023652B3216082050011A9F1 /* libsve_s_mac.a */,
			);
			name = Products;
			sourceTree = "<group>";
		};
/* End PBXGroup section */

/* Begin PBXNativeTarget section */
		02297719213D0DFE000E27EE /* SVEDemo */ = {
			isa = PBXNativeTarget;
			buildConfigurationList = 02297730213D0E01000E27EE /* Build configuration list for PBXNativeTarget "SVEDemo" */;
			buildPhases = (
				02297716213D0DFE000E27EE /* Sources */,
				02297717213D0DFE000E27EE /* Frameworks */,
				02297718213D0DFE000E27EE /* Resources */,
			);
			buildRules = (
			);
			dependencies = (
			);
			name = SVEDemo;
			productName = SVEDemo;
			productReference = 0229771A213D0DFE000E27EE /* SVEDemo.app */;
			productType = "com.apple.product-type.application";
		};
/* End PBXNativeTarget section */

/* Begin PBXProject section */
		02297712213D0DFD000E27EE /* Project object */ = {
			isa = PBXProject;
			attributes = {
				LastUpgradeCheck = 0940;
				ORGANIZATIONNAME = "李晓帆";
				TargetAttributes = {
					02297719213D0DFE000E27EE = {
						CreatedOnToolsVersion = 9.4.1;
					};
				};
			};
			buildConfigurationList = 02297715213D0DFD000E27EE /* Build configuration list for PBXProject "SVEDemo" */;
			compatibilityVersion = "Xcode 9.3";
			developmentRegion = en;
			hasScannedForEncodings = 0;
			knownRegions = (
				en,
				Base,
			);
			mainGroup = 02297711213D0DFD000E27EE;
			productRefGroup = 0229771B213D0DFE000E27EE /* Products */;
			projectDirPath = "";
			projectReferences = (
				{
					ProductGroup = 023652A5216082050011A9F1 /* Products */;
					ProjectRef = 023652A4216082050011A9F1 /* SVEngine.xcodeproj */;
				},
			);
			projectRoot = "";
			targets = (
				02297719213D0DFE000E27EE /* SVEDemo */,
			);
		};
/* End PBXProject section */

/* Begin PBXReferenceProxy section */
		023652AD216082050011A9F1 /* SVEngine.framework */ = {
			isa = PBXReferenceProxy;
			fileType = wrapper.framework;
			path = SVEngine.framework;
			remoteRef = 023652AC216082050011A9F1 /* PBXContainerItemProxy */;
			sourceTree = BUILT_PRODUCTS_DIR;
		};
		023652AF216082050011A9F1 /* libSVEngine_Static.a */ = {
			isa = PBXReferenceProxy;
			fileType = archive.ar;
			path = libSVEngine_Static.a;
			remoteRef = 023652AE216082050011A9F1 /* PBXContainerItemProxy */;
			sourceTree = BUILT_PRODUCTS_DIR;
		};
		023652B1216082050011A9F1 /* SVEngine_Mac.framework */ = {
			isa = PBXReferenceProxy;
			fileType = wrapper.framework;
			path = SVEngine_Mac.framework;
			remoteRef = 023652B0216082050011A9F1 /* PBXContainerItemProxy */;
			sourceTree = BUILT_PRODUCTS_DIR;
		};
		023652B3216082050011A9F1 /* libsve_s_mac.a */ = {
			isa = PBXReferenceProxy;
			fileType = archive.ar;
			path = libsve_s_mac.a;
			remoteRef = 023652B2216082050011A9F1 /* PBXContainerItemProxy */;
			sourceTree = BUILT_PRODUCTS_DIR;
		};
/* End PBXReferenceProxy section */

/* Begin PBXResourcesBuildPhase section */
		02297718213D0DFE000E27EE /* Resources */ = {
			isa = PBXResourcesBuildPhase;
			buildActionMask = 2147483647;
			files = (
				020B04252223BFA7001AF120 /* sve.bundle in Resources */,
				02D031EE213E624500E148FD /* hero.bundle in Resources */,
				02D0304D213E4ED000E148FD /* qiuqian.bundle in Resources */,
				0229772A213D0E01000E27EE /* LaunchScreen.storyboard in Resources */,
				02297727213D0E01000E27EE /* Assets.xcassets in Resources */,
				02297725213D0DFE000E27EE /* Main.storyboard in Resources */,
			);
			runOnlyForDeploymentPostprocessing = 0;
		};
/* End PBXResourcesBuildPhase section */

/* Begin PBXSourcesBuildPhase section */
		02297716213D0DFE000E27EE /* Sources */ = {
			isa = PBXSourcesBuildPhase;
			buildActionMask = 2147483647;
			files = (
				02297722213D0DFE000E27EE /* ViewController.m in Sources */,
				0229787E213D101A000E27EE /* SVI.mm in Sources */,
				022978A8213D1742000E27EE /* SDMainVC.m in Sources */,
				0229772D213D0E01000E27EE /* main.m in Sources */,
				0231CACC213D2D9A004A2414 /* SDMainUI.m in Sources */,
				022978AE213D198F000E27EE /* SDSVView.m in Sources */,
				0231CAC5213D20EF004A2414 /* SDCamera.m in Sources */,
				022978AB213D17FA000E27EE /* SDUISys.m in Sources */,
				0231CABE213D1BEC004A2414 /* SDLogicSys.m in Sources */,
				02297880213D101A000E27EE /* SVICamera.mm in Sources */,
				0231CAC1213D1D9A004A2414 /* SDState.m in Sources */,
				0229787D213D101A000E27EE /* SVInterfaceBase.mm in Sources */,
				02D031EB213E615200E148FD /* SVIEffect.mm in Sources */,
				0229771F213D0DFE000E27EE /* AppDelegate.m in Sources */,
			);
			runOnlyForDeploymentPostprocessing = 0;
		};
/* End PBXSourcesBuildPhase section */

/* Begin PBXVariantGroup section */
		02297723213D0DFE000E27EE /* Main.storyboard */ = {
			isa = PBXVariantGroup;
			children = (
				02297724213D0DFE000E27EE /* Base */,
			);
			name = Main.storyboard;
			sourceTree = "<group>";
		};
		02297728213D0E01000E27EE /* LaunchScreen.storyboard */ = {
			isa = PBXVariantGroup;
			children = (
				02297729213D0E01000E27EE /* Base */,
			);
			name = LaunchScreen.storyboard;
			sourceTree = "<group>";
		};
/* End PBXVariantGroup section */

/* Begin XCBuildConfiguration section */
		0229772E213D0E01000E27EE /* Debug */ = {
			isa = XCBuildConfiguration;
			buildSettings = {
				ALWAYS_SEARCH_USER_PATHS = NO;
				CLANG_ANALYZER_NONNULL = YES;
				CLANG_ANALYZER_NUMBER_OBJECT_CONVERSION = YES_AGGRESSIVE;
				CLANG_CXX_LANGUAGE_STANDARD = "gnu++14";
				CLANG_CXX_LIBRARY = "libc++";
				CLANG_ENABLE_MODULES = YES;
				CLANG_ENABLE_OBJC_ARC = YES;
				CLANG_ENABLE_OBJC_WEAK = YES;
				CLANG_WARN_BLOCK_CAPTURE_AUTORELEASING = YES;
				CLANG_WARN_BOOL_CONVERSION = YES;
				CLANG_WARN_COMMA = YES;
				CLANG_WARN_CONSTANT_CONVERSION = YES;
				CLANG_WARN_DEPRECATED_OBJC_IMPLEMENTATIONS = YES;
				CLANG_WARN_DIRECT_OBJC_ISA_USAGE = YES_ERROR;
				CLANG_WARN_DOCUMENTATION_COMMENTS = YES;
				CLANG_WARN_EMPTY_BODY = YES;
				CLANG_WARN_ENUM_CONVERSION = YES;
				CLANG_WARN_INFINITE_RECURSION = YES;
				CLANG_WARN_INT_CONVERSION = YES;
				CLANG_WARN_NON_LITERAL_NULL_CONVERSION = YES;
				CLANG_WARN_OBJC_IMPLICIT_RETAIN_SELF = YES;
				CLANG_WARN_OBJC_LITERAL_CONVERSION = YES;
				CLANG_WARN_OBJC_ROOT_CLASS = YES_ERROR;
				CLANG_WARN_RANGE_LOOP_ANALYSIS = YES;
				CLANG_WARN_STRICT_PROTOTYPES = YES;
				CLANG_WARN_SUSPICIOUS_MOVE = YES;
				CLANG_WARN_UNGUARDED_AVAILABILITY = YES_AGGRESSIVE;
				CLANG_WARN_UNREACHABLE_CODE = YES;
				CLANG_WARN__DUPLICATE_METHOD_MATCH = YES;
				CODE_SIGN_IDENTITY = "iPhone Developer";
				COPY_PHASE_STRIP = NO;
				DEBUG_INFORMATION_FORMAT = dwarf;
				ENABLE_STRICT_OBJC_MSGSEND = YES;
				ENABLE_TESTABILITY = YES;
				GCC_C_LANGUAGE_STANDARD = gnu11;
				GCC_DYNAMIC_NO_PIC = NO;
				GCC_NO_COMMON_BLOCKS = YES;
				GCC_OPTIMIZATION_LEVEL = 0;
				GCC_PREPROCESSOR_DEFINITIONS = (
					"DEBUG=1",
					"$(inherited)",
				);
				GCC_WARN_64_TO_32_BIT_CONVERSION = YES;
				GCC_WARN_ABOUT_RETURN_TYPE = YES_ERROR;
				GCC_WARN_UNDECLARED_SELECTOR = YES;
				GCC_WARN_UNINITIALIZED_AUTOS = YES_AGGRESSIVE;
				GCC_WARN_UNUSED_FUNCTION = YES;
				GCC_WARN_UNUSED_VARIABLE = YES;
				IPHONEOS_DEPLOYMENT_TARGET = 11.4;
				MTL_ENABLE_DEBUG_INFO = YES;
				ONLY_ACTIVE_ARCH = YES;
				SDKROOT = iphoneos;
			};
			name = Debug;
		};
		0229772F213D0E01000E27EE /* Release */ = {
			isa = XCBuildConfiguration;
			buildSettings = {
				ALWAYS_SEARCH_USER_PATHS = NO;
				CLANG_ANALYZER_NONNULL = YES;
				CLANG_ANALYZER_NUMBER_OBJECT_CONVERSION = YES_AGGRESSIVE;
				CLANG_CXX_LANGUAGE_STANDARD = "gnu++14";
				CLANG_CXX_LIBRARY = "libc++";
				CLANG_ENABLE_MODULES = YES;
				CLANG_ENABLE_OBJC_ARC = YES;
				CLANG_ENABLE_OBJC_WEAK = YES;
				CLANG_WARN_BLOCK_CAPTURE_AUTORELEASING = YES;
				CLANG_WARN_BOOL_CONVERSION = YES;
				CLANG_WARN_COMMA = YES;
				CLANG_WARN_CONSTANT_CONVERSION = YES;
				CLANG_WARN_DEPRECATED_OBJC_IMPLEMENTATIONS = YES;
				CLANG_WARN_DIRECT_OBJC_ISA_USAGE = YES_ERROR;
				CLANG_WARN_DOCUMENTATION_COMMENTS = YES;
				CLANG_WARN_EMPTY_BODY = YES;
				CLANG_WARN_ENUM_CONVERSION = YES;
				CLANG_WARN_INFINITE_RECURSION = YES;
				CLANG_WARN_INT_CONVERSION = YES;
				CLANG_WARN_NON_LITERAL_NULL_CONVERSION = YES;
				CLANG_WARN_OBJC_IMPLICIT_RETAIN_SELF = YES;
				CLANG_WARN_OBJC_LITERAL_CONVERSION = YES;
				CLANG_WARN_OBJC_ROOT_CLASS = YES_ERROR;
				CLANG_WARN_RANGE_LOOP_ANALYSIS = YES;
				CLANG_WARN_STRICT_PROTOTYPES = YES;
				CLANG_WARN_SUSPICIOUS_MOVE = YES;
				CLANG_WARN_UNGUARDED_AVAILABILITY = YES_AGGRESSIVE;
				CLANG_WARN_UNREACHABLE_CODE = YES;
				CLANG_WARN__DUPLICATE_METHOD_MATCH = YES;
				CODE_SIGN_IDENTITY = "iPhone Developer";
				COPY_PHASE_STRIP = NO;
				DEBUG_INFORMATION_FORMAT = "dwarf-with-dsym";
				ENABLE_NS_ASSERTIONS = NO;
				ENABLE_STRICT_OBJC_MSGSEND = YES;
				GCC_C_LANGUAGE_STANDARD = gnu11;
				GCC_NO_COMMON_BLOCKS = YES;
				GCC_WARN_64_TO_32_BIT_CONVERSION = YES;
				GCC_WARN_ABOUT_RETURN_TYPE = YES_ERROR;
				GCC_WARN_UNDECLARED_SELECTOR = YES;
				GCC_WARN_UNINITIALIZED_AUTOS = YES_AGGRESSIVE;
				GCC_WARN_UNUSED_FUNCTION = YES;
				GCC_WARN_UNUSED_VARIABLE = YES;
				IPHONEOS_DEPLOYMENT_TARGET = 11.4;
				MTL_ENABLE_DEBUG_INFO = NO;
				SDKROOT = iphoneos;
				VALIDATE_PRODUCT = YES;
			};
			name = Release;
		};
		02297731213D0E01000E27EE /* Debug */ = {
			isa = XCBuildConfiguration;
			buildSettings = {
				ASSETCATALOG_COMPILER_APPICON_NAME = AppIcon;
				CODE_SIGN_STYLE = Automatic;
				DEVELOPMENT_TEAM = R98BC2PLD7;
				ENABLE_BITCODE = NO;
				HEADER_SEARCH_PATHS = (
					"\"$(SRCROOT)/../SVEngine/src\"",
					"\"$(SRCROOT)/../SVEngine/src/third/spine/include\"",
				);
				INFOPLIST_FILE = SVEDemo/Info.plist;
				LD_RUNPATH_SEARCH_PATHS = (
					"$(inherited)",
					"@executable_path/Frameworks",
				);
				LIBRARY_SEARCH_PATHS = (
					"$(inherited)",
					"$(PROJECT_DIR)/SVEDemo/svelib",
				);
				PRODUCT_BUNDLE_IDENTIFIER = com.sve.SVEDemo;
				PRODUCT_NAME = "$(TARGET_NAME)";
				TARGETED_DEVICE_FAMILY = "1,2";
			};
			name = Debug;
		};
		02297732213D0E01000E27EE /* Release */ = {
			isa = XCBuildConfiguration;
			buildSettings = {
				ASSETCATALOG_COMPILER_APPICON_NAME = AppIcon;
				CODE_SIGN_STYLE = Automatic;
				DEVELOPMENT_TEAM = R98BC2PLD7;
				ENABLE_BITCODE = NO;
				HEADER_SEARCH_PATHS = (
					"\"$(SRCROOT)/../SVEngine/src\"",
					"\"$(SRCROOT)/../SVEngine/src/third/spine/include\"",
				);
				INFOPLIST_FILE = SVEDemo/Info.plist;
				LD_RUNPATH_SEARCH_PATHS = (
					"$(inherited)",
					"@executable_path/Frameworks",
				);
				LIBRARY_SEARCH_PATHS = (
					"$(inherited)",
					"$(PROJECT_DIR)/SVEDemo/svelib",
				);
				PRODUCT_BUNDLE_IDENTIFIER = com.sve.SVEDemo;
				PRODUCT_NAME = "$(TARGET_NAME)";
				TARGETED_DEVICE_FAMILY = "1,2";
			};
			name = Release;
		};
/* End XCBuildConfiguration section */

/* Begin XCConfigurationList section */
		02297715213D0DFD000E27EE /* Build configuration list for PBXProject "SVEDemo" */ = {
			isa = XCConfigurationList;
			buildConfigurations = (
				0229772E213D0E01000E27EE /* Debug */,
				0229772F213D0E01000E27EE /* Release */,
			);
			defaultConfigurationIsVisible = 0;
			defaultConfigurationName = Release;
		};
		02297730213D0E01000E27EE /* Build configuration list for PBXNativeTarget "SVEDemo" */ = {
			isa = XCConfigurationList;
			buildConfigurations = (
				02297731213D0E01000E27EE /* Debug */,
				02297732213D0E01000E27EE /* Release */,
			);
			defaultConfigurationIsVisible = 0;
			defaultConfigurationName = Release;
		};
/* End XCConfigurationList section */
	};
	rootObject = 02297712213D0DFD000E27EE /* Project object */;
}
